// !$*UTF8*$!
{
	archiveVersion = 1;
	classes = {
	};
	objectVersion = 50;
	objects = {

/* Begin PBXBuildFile section */
		20518C2325224F900006F190 /* AppDelegate.swift in Sources */ = {isa = PBXBuildFile; fileRef = 20518C2225224F900006F190 /* AppDelegate.swift */; };
		20518C2525224F900006F190 /* SceneDelegate.swift in Sources */ = {isa = PBXBuildFile; fileRef = 20518C2425224F900006F190 /* SceneDelegate.swift */; };
		20518C2725224F900006F190 /* ViewController.swift in Sources */ = {isa = PBXBuildFile; fileRef = 20518C2625224F900006F190 /* ViewController.swift */; };
		20518C2A25224F900006F190 /* Main.storyboard in Resources */ = {isa = PBXBuildFile; fileRef = 20518C2825224F900006F190 /* Main.storyboard */; };
		20518C2C25224F910006F190 /* Assets.xcassets in Resources */ = {isa = PBXBuildFile; fileRef = 20518C2B25224F910006F190 /* Assets.xcassets */; };
		20518C2F25224F910006F190 /* LaunchScreen.storyboard in Resources */ = {isa = PBXBuildFile; fileRef = 20518C2D25224F910006F190 /* LaunchScreen.storyboard */; };
		20518C3A25224F910006F190 /* travanaTests.swift in Sources */ = {isa = PBXBuildFile; fileRef = 20518C3925224F910006F190 /* travanaTests.swift */; };
		20518C4525224F910006F190 /* travanaUITests.swift in Sources */ = {isa = PBXBuildFile; fileRef = 20518C4425224F910006F190 /* travanaUITests.swift */; };
/* End PBXBuildFile section */

/* Begin PBXContainerItemProxy section */
		20518C3625224F910006F190 /* PBXContainerItemProxy */ = {
			isa = PBXContainerItemProxy;
			containerPortal = 20518C1725224F900006F190 /* Project object */;
			proxyType = 1;
			remoteGlobalIDString = 20518C1E25224F900006F190;
			remoteInfo = travana;
		};
		20518C4125224F910006F190 /* PBXContainerItemProxy */ = {
			isa = PBXContainerItemProxy;
			containerPortal = 20518C1725224F900006F190 /* Project object */;
			proxyType = 1;
			remoteGlobalIDString = 20518C1E25224F900006F190;
			remoteInfo = travana;
		};
/* End PBXContainerItemProxy section */

/* Begin PBXFileReference section */
		20518C1F25224F900006F190 /* travana.app */ = {isa = PBXFileReference; explicitFileType = wrapper.application; includeInIndex = 0; path = travana.app; sourceTree = BUILT_PRODUCTS_DIR; };
		20518C2225224F900006F190 /* AppDelegate.swift */ = {isa = PBXFileReference; lastKnownFileType = sourcecode.swift; path = AppDelegate.swift; sourceTree = "<group>"; };
		20518C2425224F900006F190 /* SceneDelegate.swift */ = {isa = PBXFileReference; lastKnownFileType = sourcecode.swift; path = SceneDelegate.swift; sourceTree = "<group>"; };
		20518C2625224F900006F190 /* ViewController.swift */ = {isa = PBXFileReference; lastKnownFileType = sourcecode.swift; path = ViewController.swift; sourceTree = "<group>"; };
		20518C2925224F900006F190 /* Base */ = {isa = PBXFileReference; lastKnownFileType = file.storyboard; name = Base; path = Base.lproj/Main.storyboard; sourceTree = "<group>"; };
		20518C2B25224F910006F190 /* Assets.xcassets */ = {isa = PBXFileReference; lastKnownFileType = folder.assetcatalog; path = Assets.xcassets; sourceTree = "<group>"; };
		20518C2E25224F910006F190 /* Base */ = {isa = PBXFileReference; lastKnownFileType = file.storyboard; name = Base; path = Base.lproj/LaunchScreen.storyboard; sourceTree = "<group>"; };
		20518C3025224F910006F190 /* Info.plist */ = {isa = PBXFileReference; lastKnownFileType = text.plist.xml; path = Info.plist; sourceTree = "<group>"; };
		20518C3525224F910006F190 /* travanaTests.xctest */ = {isa = PBXFileReference; explicitFileType = wrapper.cfbundle; includeInIndex = 0; path = travanaTests.xctest; sourceTree = BUILT_PRODUCTS_DIR; };
		20518C3925224F910006F190 /* travanaTests.swift */ = {isa = PBXFileReference; lastKnownFileType = sourcecode.swift; path = travanaTests.swift; sourceTree = "<group>"; };
		20518C3B25224F910006F190 /* Info.plist */ = {isa = PBXFileReference; lastKnownFileType = text.plist.xml; path = Info.plist; sourceTree = "<group>"; };
		20518C4025224F910006F190 /* travanaUITests.xctest */ = {isa = PBXFileReference; explicitFileType = wrapper.cfbundle; includeInIndex = 0; path = travanaUITests.xctest; sourceTree = BUILT_PRODUCTS_DIR; };
		20518C4425224F910006F190 /* travanaUITests.swift */ = {isa = PBXFileReference; lastKnownFileType = sourcecode.swift; path = travanaUITests.swift; sourceTree = "<group>"; };
		20518C4625224F910006F190 /* Info.plist */ = {isa = PBXFileReference; lastKnownFileType = text.plist.xml; path = Info.plist; sourceTree = "<group>"; };
/* End PBXFileReference section */

/* Begin PBXFrameworksBuildPhase section */
		20518C1C25224F900006F190 /* Frameworks */ = {
			isa = PBXFrameworksBuildPhase;
			buildActionMask = 2147483647;
			files = (
			);
			runOnlyForDeploymentPostprocessing = 0;
		};
		20518C3225224F910006F190 /* Frameworks */ = {
			isa = PBXFrameworksBuildPhase;
			buildActionMask = 2147483647;
			files = (
			);
			runOnlyForDeploymentPostprocessing = 0;
		};
		20518C3D25224F910006F190 /* Frameworks */ = {
			isa = PBXFrameworksBuildPhase;
			buildActionMask = 2147483647;
			files = (
			);
			runOnlyForDeploymentPostprocessing = 0;
		};
/* End PBXFrameworksBuildPhase section */

/* Begin PBXGroup section */
		20518C1625224F900006F190 = {
			isa = PBXGroup;
			children = (
				20518C2125224F900006F190 /* travana */,
				20518C3825224F910006F190 /* travanaTests */,
				20518C4325224F910006F190 /* travanaUITests */,
				20518C2025224F900006F190 /* Products */,
			);
			sourceTree = "<group>";
		};
		20518C2025224F900006F190 /* Products */ = {
			isa = PBXGroup;
			children = (
				20518C1F25224F900006F190 /* travana.app */,
				20518C3525224F910006F190 /* travanaTests.xctest */,
				20518C4025224F910006F190 /* travanaUITests.xctest */,
			);
			name = Products;
			sourceTree = "<group>";
		};
		20518C2125224F900006F190 /* travana */ = {
			isa = PBXGroup;
			children = (
				20518C2225224F900006F190 /* AppDelegate.swift */,
				20518C2425224F900006F190 /* SceneDelegate.swift */,
				20518C2625224F900006F190 /* ViewController.swift */,
				20518C2825224F900006F190 /* Main.storyboard */,
				20518C2B25224F910006F190 /* Assets.xcassets */,
				20518C2D25224F910006F190 /* LaunchScreen.storyboard */,
				20518C3025224F910006F190 /* Info.plist */,
			);
			path = travana;
			sourceTree = "<group>";
		};
		20518C3825224F910006F190 /* travanaTests */ = {
			isa = PBXGroup;
			children = (
				20518C3925224F910006F190 /* travanaTests.swift */,
				20518C3B25224F910006F190 /* Info.plist */,
			);
			path = travanaTests;
			sourceTree = "<group>";
		};
		20518C4325224F910006F190 /* travanaUITests */ = {
			isa = PBXGroup;
			children = (
				20518C4425224F910006F190 /* travanaUITests.swift */,
				20518C4625224F910006F190 /* Info.plist */,
			);
			path = travanaUITests;
			sourceTree = "<group>";
		};
/* End PBXGroup section */

/* Begin PBXNativeTarget section */
		20518C1E25224F900006F190 /* travana */ = {
			isa = PBXNativeTarget;
			buildConfigurationList = 20518C4925224F910006F190 /* Build configuration list for PBXNativeTarget "travana" */;
			buildPhases = (
				20518C1B25224F900006F190 /* Sources */,
				20518C1C25224F900006F190 /* Frameworks */,
				20518C1D25224F900006F190 /* Resources */,
			);
			buildRules = (
			);
			dependencies = (
			);
			name = travana;
			productName = travana;
			productReference = 20518C1F25224F900006F190 /* travana.app */;
			productType = "com.apple.product-type.application";
		};
		20518C3425224F910006F190 /* travanaTests */ = {
			isa = PBXNativeTarget;
			buildConfigurationList = 20518C4C25224F910006F190 /* Build configuration list for PBXNativeTarget "travanaTests" */;
			buildPhases = (
				20518C3125224F910006F190 /* Sources */,
				20518C3225224F910006F190 /* Frameworks */,
				20518C3325224F910006F190 /* Resources */,
			);
			buildRules = (
			);
			dependencies = (
				20518C3725224F910006F190 /* PBXTargetDependency */,
			);
			name = travanaTests;
			productName = travanaTests;
			productReference = 20518C3525224F910006F190 /* travanaTests.xctest */;
			productType = "com.apple.product-type.bundle.unit-test";
		};
		20518C3F25224F910006F190 /* travanaUITests */ = {
			isa = PBXNativeTarget;
			buildConfigurationList = 20518C4F25224F910006F190 /* Build configuration list for PBXNativeTarget "travanaUITests" */;
			buildPhases = (
				20518C3C25224F910006F190 /* Sources */,
				20518C3D25224F910006F190 /* Frameworks */,
				20518C3E25224F910006F190 /* Resources */,
			);
			buildRules = (
			);
			dependencies = (
				20518C4225224F910006F190 /* PBXTargetDependency */,
			);
			name = travanaUITests;
			productName = travanaUITests;
			productReference = 20518C4025224F910006F190 /* travanaUITests.xctest */;
			productType = "com.apple.product-type.bundle.ui-testing";
		};
/* End PBXNativeTarget section */

/* Begin PBXProject section */
		20518C1725224F900006F190 /* Project object */ = {
			isa = PBXProject;
			attributes = {
				LastSwiftUpdateCheck = 1140;
				LastUpgradeCheck = 1140;
				ORGANIZATIONNAME = "Domen Kralj";
				TargetAttributes = {
					20518C1E25224F900006F190 = {
						CreatedOnToolsVersion = 11.4;
					};
					20518C3425224F910006F190 = {
						CreatedOnToolsVersion = 11.4;
						TestTargetID = 20518C1E25224F900006F190;
					};
					20518C3F25224F910006F190 = {
						CreatedOnToolsVersion = 11.4;
						TestTargetID = 20518C1E25224F900006F190;
					};
				};
			};
			buildConfigurationList = 20518C1A25224F900006F190 /* Build configuration list for PBXProject "travana" */;
			compatibilityVersion = "Xcode 9.3";
			developmentRegion = en;
			hasScannedForEncodings = 0;
			knownRegions = (
				en,
				Base,
			);
			mainGroup = 20518C1625224F900006F190;
			productRefGroup = 20518C2025224F900006F190 /* Products */;
			projectDirPath = "";
			projectRoot = "";
			targets = (
				20518C1E25224F900006F190 /* travana */,
				20518C3425224F910006F190 /* travanaTests */,
				20518C3F25224F910006F190 /* travanaUITests */,
			);
		};
/* End PBXProject section */

/* Begin PBXResourcesBuildPhase section */
		20518C1D25224F900006F190 /* Resources */ = {
			isa = PBXResourcesBuildPhase;
			buildActionMask = 2147483647;
			files = (
				20518C2F25224F910006F190 /* LaunchScreen.storyboard in Resources */,
				20518C2C25224F910006F190 /* Assets.xcassets in Resources */,
				20518C2A25224F900006F190 /* Main.storyboard in Resources */,
			);
			runOnlyForDeploymentPostprocessing = 0;
		};
		20518C3325224F910006F190 /* Resources */ = {
			isa = PBXResourcesBuildPhase;
			buildActionMask = 2147483647;
			files = (
			);
			runOnlyForDeploymentPostprocessing = 0;
		};
		20518C3E25224F910006F190 /* Resources */ = {
			isa = PBXResourcesBuildPhase;
			buildActionMask = 2147483647;
			files = (
			);
			runOnlyForDeploymentPostprocessing = 0;
		};
/* End PBXResourcesBuildPhase section */

/* Begin PBXSourcesBuildPhase section */
		20518C1B25224F900006F190 /* Sources */ = {
			isa = PBXSourcesBuildPhase;
			buildActionMask = 2147483647;
			files = (
				20518C2725224F900006F190 /* ViewController.swift in Sources */,
				20518C2325224F900006F190 /* AppDelegate.swift in Sources */,
				20518C2525224F900006F190 /* SceneDelegate.swift in Sources */,
			);
			runOnlyForDeploymentPostprocessing = 0;
		};
		20518C3125224F910006F190 /* Sources */ = {
			isa = PBXSourcesBuildPhase;
			buildActionMask = 2147483647;
			files = (
				20518C3A25224F910006F190 /* travanaTests.swift in Sources */,
			);
			runOnlyForDeploymentPostprocessing = 0;
		};
		20518C3C25224F910006F190 /* Sources */ = {
			isa = PBXSourcesBuildPhase;
			buildActionMask = 2147483647;
			files = (
				20518C4525224F910006F190 /* travanaUITests.swift in Sources */,
			);
			runOnlyForDeploymentPostprocessing = 0;
		};
/* End PBXSourcesBuildPhase section */

/* Begin PBXTargetDependency section */
		20518C3725224F910006F190 /* PBXTargetDependency */ = {
			isa = PBXTargetDependency;
			target = 20518C1E25224F900006F190 /* travana */;
			targetProxy = 20518C3625224F910006F190 /* PBXContainerItemProxy */;
		};
		20518C4225224F910006F190 /* PBXTargetDependency */ = {
			isa = PBXTargetDependency;
			target = 20518C1E25224F900006F190 /* travana */;
			targetProxy = 20518C4125224F910006F190 /* PBXContainerItemProxy */;
		};
/* End PBXTargetDependency section */

/* Begin PBXVariantGroup section */
		20518C2825224F900006F190 /* Main.storyboard */ = {
			isa = PBXVariantGroup;
			children = (
				20518C2925224F900006F190 /* Base */,
			);
			name = Main.storyboard;
			sourceTree = "<group>";
		};
		20518C2D25224F910006F190 /* LaunchScreen.storyboard */ = {
			isa = PBXVariantGroup;
			children = (
				20518C2E25224F910006F190 /* Base */,
			);
			name = LaunchScreen.storyboard;
			sourceTree = "<group>";
		};
/* End PBXVariantGroup section */

/* Begin XCBuildConfiguration section */
		20518C4725224F910006F190 /* Debug */ = {
			isa = XCBuildConfiguration;
			buildSettings = {
				ALWAYS_SEARCH_USER_PATHS = NO;
				CLANG_ANALYZER_NONNULL = YES;
				CLANG_ANALYZER_NUMBER_OBJECT_CONVERSION = YES_AGGRESSIVE;
				CLANG_CXX_LANGUAGE_STANDARD = "gnu++14";
				CLANG_CXX_LIBRARY = "libc++";
				CLANG_ENABLE_MODULES = YES;
				CLANG_ENABLE_OBJC_ARC = YES;
				CLANG_ENABLE_OBJC_WEAK = YES;
				CLANG_WARN_BLOCK_CAPTURE_AUTORELEASING = YES;
				CLANG_WARN_BOOL_CONVERSION = YES;
				CLANG_WARN_COMMA = YES;
				CLANG_WARN_CONSTANT_CONVERSION = YES;
				CLANG_WARN_DEPRECATED_OBJC_IMPLEMENTATIONS = YES;
				CLANG_WARN_DIRECT_OBJC_ISA_USAGE = YES_ERROR;
				CLANG_WARN_DOCUMENTATION_COMMENTS = YES;
				CLANG_WARN_EMPTY_BODY = YES;
				CLANG_WARN_ENUM_CONVERSION = YES;
				CLANG_WARN_INFINITE_RECURSION = YES;
				CLANG_WARN_INT_CONVERSION = YES;
				CLANG_WARN_NON_LITERAL_NULL_CONVERSION = YES;
				CLANG_WARN_OBJC_IMPLICIT_RETAIN_SELF = YES;
				CLANG_WARN_OBJC_LITERAL_CONVERSION = YES;
				CLANG_WARN_OBJC_ROOT_CLASS = YES_ERROR;
				CLANG_WARN_RANGE_LOOP_ANALYSIS = YES;
				CLANG_WARN_STRICT_PROTOTYPES = YES;
				CLANG_WARN_SUSPICIOUS_MOVE = YES;
				CLANG_WARN_UNGUARDED_AVAILABILITY = YES_AGGRESSIVE;
				CLANG_WARN_UNREACHABLE_CODE = YES;
				CLANG_WARN__DUPLICATE_METHOD_MATCH = YES;
				COPY_PHASE_STRIP = NO;
				DEBUG_INFORMATION_FORMAT = dwarf;
				ENABLE_STRICT_OBJC_MSGSEND = YES;
				ENABLE_TESTABILITY = YES;
				GCC_C_LANGUAGE_STANDARD = gnu11;
				GCC_DYNAMIC_NO_PIC = NO;
				GCC_NO_COMMON_BLOCKS = YES;
				GCC_OPTIMIZATION_LEVEL = 0;
				GCC_PREPROCESSOR_DEFINITIONS = (
					"DEBUG=1",
					"$(inherited)",
				);
				GCC_WARN_64_TO_32_BIT_CONVERSION = YES;
				GCC_WARN_ABOUT_RETURN_TYPE = YES_ERROR;
				GCC_WARN_UNDECLARED_SELECTOR = YES;
				GCC_WARN_UNINITIALIZED_AUTOS = YES_AGGRESSIVE;
				GCC_WARN_UNUSED_FUNCTION = YES;
				GCC_WARN_UNUSED_VARIABLE = YES;
				IPHONEOS_DEPLOYMENT_TARGET = 13.4;
				MTL_ENABLE_DEBUG_INFO = INCLUDE_SOURCE;
				MTL_FAST_MATH = YES;
				ONLY_ACTIVE_ARCH = YES;
				SDKROOT = iphoneos;
				SWIFT_ACTIVE_COMPILATION_CONDITIONS = DEBUG;
				SWIFT_OPTIMIZATION_LEVEL = "-Onone";
			};
			name = Debug;
		};
		20518C4825224F910006F190 /* Release */ = {
			isa = XCBuildConfiguration;
			buildSettings = {
				ALWAYS_SEARCH_USER_PATHS = NO;
				CLANG_ANALYZER_NONNULL = YES;
				CLANG_ANALYZER_NUMBER_OBJECT_CONVERSION = YES_AGGRESSIVE;
				CLANG_CXX_LANGUAGE_STANDARD = "gnu++14";
				CLANG_CXX_LIBRARY = "libc++";
				CLANG_ENABLE_MODULES = YES;
				CLANG_ENABLE_OBJC_ARC = YES;
				CLANG_ENABLE_OBJC_WEAK = YES;
				CLANG_WARN_BLOCK_CAPTURE_AUTORELEASING = YES;
				CLANG_WARN_BOOL_CONVERSION = YES;
				CLANG_WARN_COMMA = YES;
				CLANG_WARN_CONSTANT_CONVERSION = YES;
				CLANG_WARN_DEPRECATED_OBJC_IMPLEMENTATIONS = YES;
				CLANG_WARN_DIRECT_OBJC_ISA_USAGE = YES_ERROR;
				CLANG_WARN_DOCUMENTATION_COMMENTS = YES;
				CLANG_WARN_EMPTY_BODY = YES;
				CLANG_WARN_ENUM_CONVERSION = YES;
				CLANG_WARN_INFINITE_RECURSION = YES;
				CLANG_WARN_INT_CONVERSION = YES;
				CLANG_WARN_NON_LITERAL_NULL_CONVERSION = YES;
				CLANG_WARN_OBJC_IMPLICIT_RETAIN_SELF = YES;
				CLANG_WARN_OBJC_LITERAL_CONVERSION = YES;
				CLANG_WARN_OBJC_ROOT_CLASS = YES_ERROR;
				CLANG_WARN_RANGE_LOOP_ANALYSIS = YES;
				CLANG_WARN_STRICT_PROTOTYPES = YES;
				CLANG_WARN_SUSPICIOUS_MOVE = YES;
				CLANG_WARN_UNGUARDED_AVAILABILITY = YES_AGGRESSIVE;
				CLANG_WARN_UNREACHABLE_CODE = YES;
				CLANG_WARN__DUPLICATE_METHOD_MATCH = YES;
				COPY_PHASE_STRIP = NO;
				DEBUG_INFORMATION_FORMAT = "dwarf-with-dsym";
				ENABLE_NS_ASSERTIONS = NO;
				ENABLE_STRICT_OBJC_MSGSEND = YES;
				GCC_C_LANGUAGE_STANDARD = gnu11;
				GCC_NO_COMMON_BLOCKS = YES;
				GCC_WARN_64_TO_32_BIT_CONVERSION = YES;
				GCC_WARN_ABOUT_RETURN_TYPE = YES_ERROR;
				GCC_WARN_UNDECLARED_SELECTOR = YES;
				GCC_WARN_UNINITIALIZED_AUTOS = YES_AGGRESSIVE;
				GCC_WARN_UNUSED_FUNCTION = YES;
				GCC_WARN_UNUSED_VARIABLE = YES;
				IPHONEOS_DEPLOYMENT_TARGET = 13.4;
				MTL_ENABLE_DEBUG_INFO = NO;
				MTL_FAST_MATH = YES;
				SDKROOT = iphoneos;
				SWIFT_COMPILATION_MODE = wholemodule;
				SWIFT_OPTIMIZATION_LEVEL = "-O";
				VALIDATE_PRODUCT = YES;
			};
			name = Release;
		};
		20518C4A25224F910006F190 /* Debug */ = {
			isa = XCBuildConfiguration;
			buildSettings = {
				ASSETCATALOG_COMPILER_APPICON_NAME = AppIcon;
				CODE_SIGN_STYLE = Automatic;
				INFOPLIST_FILE = travana/Info.plist;
				LD_RUNPATH_SEARCH_PATHS = (
					"$(inherited)",
					"@executable_path/Frameworks",
				);
				PRODUCT_BUNDLE_IDENTIFIER = com.vegasolutions.travana;
				PRODUCT_NAME = "$(TARGET_NAME)";
				SWIFT_VERSION = 5.0;
				TARGETED_DEVICE_FAMILY = "1,2";
			};
			name = Debug;
		};
		20518C4B25224F910006F190 /* Release */ = {
			isa = XCBuildConfiguration;
			buildSettings = {
				ASSETCATALOG_COMPILER_APPICON_NAME = AppIcon;
				CODE_SIGN_STYLE = Automatic;
				INFOPLIST_FILE = travana/Info.plist;
				LD_RUNPATH_SEARCH_PATHS = (
					"$(inherited)",
					"@executable_path/Frameworks",
				);
				PRODUCT_BUNDLE_IDENTIFIER = com.vegasolutions.travana;
				PRODUCT_NAME = "$(TARGET_NAME)";
				SWIFT_VERSION = 5.0;
				TARGETED_DEVICE_FAMILY = "1,2";
			};
			name = Release;
		};
		20518C4D25224F910006F190 /* Debug */ = {
			isa = XCBuildConfiguration;
			buildSettings = {
				ALWAYS_EMBED_SWIFT_STANDARD_LIBRARIES = YES;
				BUNDLE_LOADER = "$(TEST_HOST)";
				CODE_SIGN_STYLE = Automatic;
				INFOPLIST_FILE = travanaTests/Info.plist;
				IPHONEOS_DEPLOYMENT_TARGET = 13.4;
				LD_RUNPATH_SEARCH_PATHS = (
					"$(inherited)",
					"@executable_path/Frameworks",
					"@loader_path/Frameworks",
				);
				PRODUCT_BUNDLE_IDENTIFIER = com.vegasolutions.travanaTests;
				PRODUCT_NAME = "$(TARGET_NAME)";
				SWIFT_VERSION = 5.0;
				TARGETED_DEVICE_FAMILY = "1,2";
				TEST_HOST = "$(BUILT_PRODUCTS_DIR)/travana.app/travana";
			};
			name = Debug;
		};
		20518C4E25224F910006F190 /* Release */ = {
			isa = XCBuildConfiguration;
			buildSettings = {
				ALWAYS_EMBED_SWIFT_STANDARD_LIBRARIES = YES;
				BUNDLE_LOADER = "$(TEST_HOST)";
				CODE_SIGN_STYLE = Automatic;
				INFOPLIST_FILE = travanaTests/Info.plist;
				IPHONEOS_DEPLOYMENT_TARGET = 13.4;
				LD_RUNPATH_SEARCH_PATHS = (
					"$(inherited)",
					"@executable_path/Frameworks",
					"@loader_path/Frameworks",
				);
				PRODUCT_BUNDLE_IDENTIFIER = com.vegasolutions.travanaTests;
				PRODUCT_NAME = "$(TARGET_NAME)";
				SWIFT_VERSION = 5.0;
				TARGETED_DEVICE_FAMILY = "1,2";
				TEST_HOST = "$(BUILT_PRODUCTS_DIR)/travana.app/travana";
			};
			name = Release;
		};
		20518C5025224F910006F190 /* Debug */ = {
			isa = XCBuildConfiguration;
			buildSettings = {
				ALWAYS_EMBED_SWIFT_STANDARD_LIBRARIES = YES;
				CODE_SIGN_STYLE = Automatic;
				INFOPLIST_FILE = travanaUITests/Info.plist;
				LD_RUNPATH_SEARCH_PATHS = (
					"$(inherited)",
					"@executable_path/Frameworks",
					"@loader_path/Frameworks",
				);
				PRODUCT_BUNDLE_IDENTIFIER = com.vegasolutions.travanaUITests;
				PRODUCT_NAME = "$(TARGET_NAME)";
				SWIFT_VERSION = 5.0;
				TARGETED_DEVICE_FAMILY = "1,2";
				TEST_TARGET_NAME = travana;
			};
			name = Debug;
		};
		20518C5125224F910006F190 /* Release */ = {
			isa = XCBuildConfiguration;
			buildSettings = {
				ALWAYS_EMBED_SWIFT_STANDARD_LIBRARIES = YES;
				CODE_SIGN_STYLE = Automatic;
				INFOPLIST_FILE = travanaUITests/Info.plist;
				LD_RUNPATH_SEARCH_PATHS = (
					"$(inherited)",
					"@executable_path/Frameworks",
					"@loader_path/Frameworks",
				);
				PRODUCT_BUNDLE_IDENTIFIER = com.vegasolutions.travanaUITests;
				PRODUCT_NAME = "$(TARGET_NAME)";
				SWIFT_VERSION = 5.0;
				TARGETED_DEVICE_FAMILY = "1,2";
				TEST_TARGET_NAME = travana;
			};
			name = Release;
		};
/* End XCBuildConfiguration section */

/* Begin XCConfigurationList section */
		20518C1A25224F900006F190 /* Build configuration list for PBXProject "travana" */ = {
			isa = XCConfigurationList;
			buildConfigurations = (
				20518C4725224F910006F190 /* Debug */,
				20518C4825224F910006F190 /* Release */,
			);
			defaultConfigurationIsVisible = 0;
			defaultConfigurationName = Release;
		};
		20518C4925224F910006F190 /* Build configuration list for PBXNativeTarget "travana" */ = {
			isa = XCConfigurationList;
			buildConfigurations = (
				20518C4A25224F910006F190 /* Debug */,
				20518C4B25224F910006F190 /* Release */,
			);
			defaultConfigurationIsVisible = 0;
			defaultConfigurationName = Release;
		};
		20518C4C25224F910006F190 /* Build configuration list for PBXNativeTarget "travanaTests" */ = {
			isa = XCConfigurationList;
			buildConfigurations = (
				20518C4D25224F910006F190 /* Debug */,
				20518C4E25224F910006F190 /* Release */,
			);
			defaultConfigurationIsVisible = 0;
			defaultConfigurationName = Release;
		};
		20518C4F25224F910006F190 /* Build configuration list for PBXNativeTarget "travanaUITests" */ = {
			isa = XCConfigurationList;
			buildConfigurations = (
				20518C5025224F910006F190 /* Debug */,
				20518C5125224F910006F190 /* Release */,
			);
			defaultConfigurationIsVisible = 0;
			defaultConfigurationName = Release;
		};
/* End XCConfigurationList section */
	};
	rootObject = 20518C1725224F900006F190 /* Project object */;
}
