// !$*UTF8*$!
{
	archiveVersion = 1;
	classes = {
	};
	objectVersion = 51;
	objects = {

/* Begin PBXBuildFile section */
		20518C2325224F900006F190 /* AppDelegate.swift in Sources */ = {isa = PBXBuildFile; fileRef = 20518C2225224F900006F190 /* AppDelegate.swift */; };
		20518C2525224F900006F190 /* SceneDelegate.swift in Sources */ = {isa = PBXBuildFile; fileRef = 20518C2425224F900006F190 /* SceneDelegate.swift */; };
		20518C2725224F900006F190 /* ViewController.swift in Sources */ = {isa = PBXBuildFile; fileRef = 20518C2625224F900006F190 /* ViewController.swift */; };
		20518C2C25224F910006F190 /* Assets.xcassets in Resources */ = {isa = PBXBuildFile; fileRef = 20518C2B25224F910006F190 /* Assets.xcassets */; };
		20518C3A25224F910006F190 /* travanaTests.swift in Sources */ = {isa = PBXBuildFile; fileRef = 20518C3925224F910006F190 /* travanaTests.swift */; };
		20518C4525224F910006F190 /* travanaUITests.swift in Sources */ = {isa = PBXBuildFile; fileRef = 20518C4425224F910006F190 /* travanaUITests.swift */; };
		20518C53252250680006F190 /* HttpClient.swift in Sources */ = {isa = PBXBuildFile; fileRef = 20518C52252250680006F190 /* HttpClient.swift */; };
		20518C58252252330006F190 /* HttpError.swift in Sources */ = {isa = PBXBuildFile; fileRef = 20518C57252252330006F190 /* HttpError.swift */; };
		20518C5A252252650006F190 /* RequestError.swift in Sources */ = {isa = PBXBuildFile; fileRef = 20518C59252252650006F190 /* RequestError.swift */; };
		20518C632522537A0006F190 /* Logger.swift in Sources */ = {isa = PBXBuildFile; fileRef = 20518C622522537A0006F190 /* Logger.swift */; };
		20518C66252256290006F190 /* UIUtils.swift in Sources */ = {isa = PBXBuildFile; fileRef = 20518C65252256290006F190 /* UIUtils.swift */; };
		20518C692522567A0006F190 /* Array.swift in Sources */ = {isa = PBXBuildFile; fileRef = 20518C682522567A0006F190 /* Array.swift */; };
		20518C6D252256AD0006F190 /* Data.swift in Sources */ = {isa = PBXBuildFile; fileRef = 20518C6C252256AD0006F190 /* Data.swift */; };
		20518C71252256D70006F190 /* Date.swift in Sources */ = {isa = PBXBuildFile; fileRef = 20518C70252256D70006F190 /* Date.swift */; };
		20518C742522570E0006F190 /* Localizable.swift in Sources */ = {isa = PBXBuildFile; fileRef = 20518C732522570E0006F190 /* Localizable.swift */; };
		20518C77252257910006F190 /* Colors.swift in Sources */ = {isa = PBXBuildFile; fileRef = 20518C76252257910006F190 /* Colors.swift */; };
		20518C7B252257CC0006F190 /* UIAlertController.swift in Sources */ = {isa = PBXBuildFile; fileRef = 20518C7A252257CC0006F190 /* UIAlertController.swift */; };
		20518C7E252258270006F190 /* UIFont.swift in Sources */ = {isa = PBXBuildFile; fileRef = 20518C7D252258270006F190 /* UIFont.swift */; };
		20518C81252259BD0006F190 /* UILabel.swift in Sources */ = {isa = PBXBuildFile; fileRef = 20518C80252259BD0006F190 /* UILabel.swift */; };
		20518C8425225A2B0006F190 /* UIViewController.swift in Sources */ = {isa = PBXBuildFile; fileRef = 20518C8325225A2B0006F190 /* UIViewController.swift */; };
		20518C8725225A5F0006F190 /* UIView.swift in Sources */ = {isa = PBXBuildFile; fileRef = 20518C8625225A5F0006F190 /* UIView.swift */; };
		20518C8A25225AAB0006F190 /* String.swift in Sources */ = {isa = PBXBuildFile; fileRef = 20518C8925225AAB0006F190 /* String.swift */; };
		20518C8D25225AD00006F190 /* Table.swift in Sources */ = {isa = PBXBuildFile; fileRef = 20518C8C25225AD00006F190 /* Table.swift */; };
		20518C8F25225AEF0006F190 /* Constants.swift in Sources */ = {isa = PBXBuildFile; fileRef = 20518C8E25225AEF0006F190 /* Constants.swift */; };
		20518C9125225B040006F190 /* K.swift in Sources */ = {isa = PBXBuildFile; fileRef = 20518C9025225B040006F190 /* K.swift */; };
		20518C9625225D0F0006F190 /* Localizable.strings in Resources */ = {isa = PBXBuildFile; fileRef = 20518C9825225D0F0006F190 /* Localizable.strings */; };
		20518C9F2522616D0006F190 /* MainViewController.swift in Sources */ = {isa = PBXBuildFile; fileRef = 20518C9E2522616D0006F190 /* MainViewController.swift */; };
		20518CA1252261910006F190 /* Main.storyboard in Resources */ = {isa = PBXBuildFile; fileRef = 20518CA0252261910006F190 /* Main.storyboard */; };
		20518CA4252262D30006F190 /* LoadingViewController.swift in Sources */ = {isa = PBXBuildFile; fileRef = 20518CA3252262D30006F190 /* LoadingViewController.swift */; };
		20518CA6252262DE0006F190 /* Loading.storyboard in Resources */ = {isa = PBXBuildFile; fileRef = 20518CA5252262DE0006F190 /* Loading.storyboard */; };
		20518CA8252267DE0006F190 /* LppApi.swift in Sources */ = {isa = PBXBuildFile; fileRef = 20518CA7252267DE0006F190 /* LppApi.swift */; };
		20518CAA2522687B0006F190 /* TravanaAppDataContainer.swift in Sources */ = {isa = PBXBuildFile; fileRef = 20518CA92522687B0006F190 /* TravanaAppDataContainer.swift */; };
		3CE82FFB9ACF6956A0390C68 /* Pods_travana_travanaUITests.framework in Frameworks */ = {isa = PBXBuildFile; fileRef = 1525D219EA7372060BBEC796 /* Pods_travana_travanaUITests.framework */; };
		855AC220E6EC09C083CFBE41 /* Pods_travana.framework in Frameworks */ = {isa = PBXBuildFile; fileRef = 0B26BB0D4F81D14F591FFF10 /* Pods_travana.framework */; };
		FADB6C3D0D852DF7BD51F7CF /* Pods_travanaTests.framework in Frameworks */ = {isa = PBXBuildFile; fileRef = 72FA4D7AB5F769293E959BA9 /* Pods_travanaTests.framework */; };
/* End PBXBuildFile section */

/* Begin PBXContainerItemProxy section */
		20518C3625224F910006F190 /* PBXContainerItemProxy */ = {
			isa = PBXContainerItemProxy;
			containerPortal = 20518C1725224F900006F190 /* Project object */;
			proxyType = 1;
			remoteGlobalIDString = 20518C1E25224F900006F190;
			remoteInfo = travana;
		};
		20518C4125224F910006F190 /* PBXContainerItemProxy */ = {
			isa = PBXContainerItemProxy;
			containerPortal = 20518C1725224F900006F190 /* Project object */;
			proxyType = 1;
			remoteGlobalIDString = 20518C1E25224F900006F190;
			remoteInfo = travana;
		};
/* End PBXContainerItemProxy section */

/* Begin PBXFileReference section */
		0B26BB0D4F81D14F591FFF10 /* Pods_travana.framework */ = {isa = PBXFileReference; explicitFileType = wrapper.framework; includeInIndex = 0; path = Pods_travana.framework; sourceTree = BUILT_PRODUCTS_DIR; };
		1525D219EA7372060BBEC796 /* Pods_travana_travanaUITests.framework */ = {isa = PBXFileReference; explicitFileType = wrapper.framework; includeInIndex = 0; path = Pods_travana_travanaUITests.framework; sourceTree = BUILT_PRODUCTS_DIR; };
		19F8770D61610EBB6227E30E /* Pods-travana.release.xcconfig */ = {isa = PBXFileReference; includeInIndex = 1; lastKnownFileType = text.xcconfig; name = "Pods-travana.release.xcconfig"; path = "Target Support Files/Pods-travana/Pods-travana.release.xcconfig"; sourceTree = "<group>"; };
		20518C1F25224F900006F190 /* travana.app */ = {isa = PBXFileReference; explicitFileType = wrapper.application; includeInIndex = 0; path = travana.app; sourceTree = BUILT_PRODUCTS_DIR; };
		20518C2225224F900006F190 /* AppDelegate.swift */ = {isa = PBXFileReference; lastKnownFileType = sourcecode.swift; path = AppDelegate.swift; sourceTree = "<group>"; };
		20518C2425224F900006F190 /* SceneDelegate.swift */ = {isa = PBXFileReference; lastKnownFileType = sourcecode.swift; path = SceneDelegate.swift; sourceTree = "<group>"; };
		20518C2625224F900006F190 /* ViewController.swift */ = {isa = PBXFileReference; lastKnownFileType = sourcecode.swift; path = ViewController.swift; sourceTree = "<group>"; };
		20518C2B25224F910006F190 /* Assets.xcassets */ = {isa = PBXFileReference; lastKnownFileType = folder.assetcatalog; path = Assets.xcassets; sourceTree = "<group>"; };
		20518C3025224F910006F190 /* Info.plist */ = {isa = PBXFileReference; lastKnownFileType = text.plist.xml; path = Info.plist; sourceTree = "<group>"; };
		20518C3525224F910006F190 /* travanaTests.xctest */ = {isa = PBXFileReference; explicitFileType = wrapper.cfbundle; includeInIndex = 0; path = travanaTests.xctest; sourceTree = BUILT_PRODUCTS_DIR; };
		20518C3925224F910006F190 /* travanaTests.swift */ = {isa = PBXFileReference; lastKnownFileType = sourcecode.swift; path = travanaTests.swift; sourceTree = "<group>"; };
		20518C3B25224F910006F190 /* Info.plist */ = {isa = PBXFileReference; lastKnownFileType = text.plist.xml; path = Info.plist; sourceTree = "<group>"; };
		20518C4025224F910006F190 /* travanaUITests.xctest */ = {isa = PBXFileReference; explicitFileType = wrapper.cfbundle; includeInIndex = 0; path = travanaUITests.xctest; sourceTree = BUILT_PRODUCTS_DIR; };
		20518C4425224F910006F190 /* travanaUITests.swift */ = {isa = PBXFileReference; lastKnownFileType = sourcecode.swift; path = travanaUITests.swift; sourceTree = "<group>"; };
		20518C4625224F910006F190 /* Info.plist */ = {isa = PBXFileReference; lastKnownFileType = text.plist.xml; path = Info.plist; sourceTree = "<group>"; };
		20518C52252250680006F190 /* HttpClient.swift */ = {isa = PBXFileReference; lastKnownFileType = sourcecode.swift; path = HttpClient.swift; sourceTree = "<group>"; };
		20518C57252252330006F190 /* HttpError.swift */ = {isa = PBXFileReference; lastKnownFileType = sourcecode.swift; path = HttpError.swift; sourceTree = "<group>"; };
		20518C59252252650006F190 /* RequestError.swift */ = {isa = PBXFileReference; lastKnownFileType = sourcecode.swift; path = RequestError.swift; sourceTree = "<group>"; };
		20518C622522537A0006F190 /* Logger.swift */ = {isa = PBXFileReference; lastKnownFileType = sourcecode.swift; path = Logger.swift; sourceTree = "<group>"; };
		20518C65252256290006F190 /* UIUtils.swift */ = {isa = PBXFileReference; lastKnownFileType = sourcecode.swift; path = UIUtils.swift; sourceTree = "<group>"; };
		20518C682522567A0006F190 /* Array.swift */ = {isa = PBXFileReference; lastKnownFileType = sourcecode.swift; path = Array.swift; sourceTree = "<group>"; };
		20518C6C252256AD0006F190 /* Data.swift */ = {isa = PBXFileReference; lastKnownFileType = sourcecode.swift; path = Data.swift; sourceTree = "<group>"; };
		20518C70252256D70006F190 /* Date.swift */ = {isa = PBXFileReference; lastKnownFileType = sourcecode.swift; path = Date.swift; sourceTree = "<group>"; };
		20518C732522570E0006F190 /* Localizable.swift */ = {isa = PBXFileReference; lastKnownFileType = sourcecode.swift; path = Localizable.swift; sourceTree = "<group>"; };
		20518C76252257910006F190 /* Colors.swift */ = {isa = PBXFileReference; lastKnownFileType = sourcecode.swift; path = Colors.swift; sourceTree = "<group>"; };
		20518C7A252257CC0006F190 /* UIAlertController.swift */ = {isa = PBXFileReference; lastKnownFileType = sourcecode.swift; path = UIAlertController.swift; sourceTree = "<group>"; };
		20518C7D252258270006F190 /* UIFont.swift */ = {isa = PBXFileReference; lastKnownFileType = sourcecode.swift; path = UIFont.swift; sourceTree = "<group>"; };
		20518C80252259BD0006F190 /* UILabel.swift */ = {isa = PBXFileReference; lastKnownFileType = sourcecode.swift; path = UILabel.swift; sourceTree = "<group>"; };
		20518C8325225A2B0006F190 /* UIViewController.swift */ = {isa = PBXFileReference; lastKnownFileType = sourcecode.swift; path = UIViewController.swift; sourceTree = "<group>"; };
		20518C8625225A5F0006F190 /* UIView.swift */ = {isa = PBXFileReference; lastKnownFileType = sourcecode.swift; path = UIView.swift; sourceTree = "<group>"; };
		20518C8925225AAB0006F190 /* String.swift */ = {isa = PBXFileReference; lastKnownFileType = sourcecode.swift; path = String.swift; sourceTree = "<group>"; };
		20518C8C25225AD00006F190 /* Table.swift */ = {isa = PBXFileReference; lastKnownFileType = sourcecode.swift; path = Table.swift; sourceTree = "<group>"; };
		20518C8E25225AEF0006F190 /* Constants.swift */ = {isa = PBXFileReference; lastKnownFileType = sourcecode.swift; path = Constants.swift; sourceTree = "<group>"; };
		20518C9025225B040006F190 /* K.swift */ = {isa = PBXFileReference; lastKnownFileType = sourcecode.swift; path = K.swift; sourceTree = "<group>"; };
		20518C9725225D0F0006F190 /* en */ = {isa = PBXFileReference; lastKnownFileType = text.plist.strings; name = en; path = en.lproj/Localizable.strings; sourceTree = "<group>"; };
		20518C9925225D2A0006F190 /* sl */ = {isa = PBXFileReference; lastKnownFileType = text.plist.strings; name = sl; path = sl.lproj/Localizable.strings; sourceTree = "<group>"; };
		20518C9E2522616D0006F190 /* MainViewController.swift */ = {isa = PBXFileReference; lastKnownFileType = sourcecode.swift; path = MainViewController.swift; sourceTree = "<group>"; };
		20518CA0252261910006F190 /* Main.storyboard */ = {isa = PBXFileReference; lastKnownFileType = file.storyboard; path = Main.storyboard; sourceTree = "<group>"; };
		20518CA3252262D30006F190 /* LoadingViewController.swift */ = {isa = PBXFileReference; lastKnownFileType = sourcecode.swift; path = LoadingViewController.swift; sourceTree = "<group>"; };
		20518CA5252262DE0006F190 /* Loading.storyboard */ = {isa = PBXFileReference; lastKnownFileType = file.storyboard; path = Loading.storyboard; sourceTree = "<group>"; };
		20518CA7252267DE0006F190 /* LppApi.swift */ = {isa = PBXFileReference; lastKnownFileType = sourcecode.swift; path = LppApi.swift; sourceTree = "<group>"; };
		20518CA92522687B0006F190 /* TravanaAppDataContainer.swift */ = {isa = PBXFileReference; lastKnownFileType = sourcecode.swift; path = TravanaAppDataContainer.swift; sourceTree = "<group>"; };
		72FA4D7AB5F769293E959BA9 /* Pods_travanaTests.framework */ = {isa = PBXFileReference; explicitFileType = wrapper.framework; includeInIndex = 0; path = Pods_travanaTests.framework; sourceTree = BUILT_PRODUCTS_DIR; };
		7FC825ACC203083D73492140 /* Pods-travana-travanaUITests.debug.xcconfig */ = {isa = PBXFileReference; includeInIndex = 1; lastKnownFileType = text.xcconfig; name = "Pods-travana-travanaUITests.debug.xcconfig"; path = "Target Support Files/Pods-travana-travanaUITests/Pods-travana-travanaUITests.debug.xcconfig"; sourceTree = "<group>"; };
		A43655B521F1C8A468C8B94B /* Pods-travanaTests.release.xcconfig */ = {isa = PBXFileReference; includeInIndex = 1; lastKnownFileType = text.xcconfig; name = "Pods-travanaTests.release.xcconfig"; path = "Target Support Files/Pods-travanaTests/Pods-travanaTests.release.xcconfig"; sourceTree = "<group>"; };
		CA49DF5DCF8105E0A7AC23FB /* Pods-travana.debug.xcconfig */ = {isa = PBXFileReference; includeInIndex = 1; lastKnownFileType = text.xcconfig; name = "Pods-travana.debug.xcconfig"; path = "Target Support Files/Pods-travana/Pods-travana.debug.xcconfig"; sourceTree = "<group>"; };
		CF3C93121598BB1F382DD225 /* Pods-travanaTests.debug.xcconfig */ = {isa = PBXFileReference; includeInIndex = 1; lastKnownFileType = text.xcconfig; name = "Pods-travanaTests.debug.xcconfig"; path = "Target Support Files/Pods-travanaTests/Pods-travanaTests.debug.xcconfig"; sourceTree = "<group>"; };
		D51D5C0E4D3AD347870EC97E /* Pods-travana-travanaUITests.release.xcconfig */ = {isa = PBXFileReference; includeInIndex = 1; lastKnownFileType = text.xcconfig; name = "Pods-travana-travanaUITests.release.xcconfig"; path = "Target Support Files/Pods-travana-travanaUITests/Pods-travana-travanaUITests.release.xcconfig"; sourceTree = "<group>"; };
/* End PBXFileReference section */

/* Begin PBXFrameworksBuildPhase section */
		20518C1C25224F900006F190 /* Frameworks */ = {
			isa = PBXFrameworksBuildPhase;
			buildActionMask = 2147483647;
			files = (
				855AC220E6EC09C083CFBE41 /* Pods_travana.framework in Frameworks */,
			);
			runOnlyForDeploymentPostprocessing = 0;
		};
		20518C3225224F910006F190 /* Frameworks */ = {
			isa = PBXFrameworksBuildPhase;
			buildActionMask = 2147483647;
			files = (
				FADB6C3D0D852DF7BD51F7CF /* Pods_travanaTests.framework in Frameworks */,
			);
			runOnlyForDeploymentPostprocessing = 0;
		};
		20518C3D25224F910006F190 /* Frameworks */ = {
			isa = PBXFrameworksBuildPhase;
			buildActionMask = 2147483647;
			files = (
				3CE82FFB9ACF6956A0390C68 /* Pods_travana_travanaUITests.framework in Frameworks */,
			);
			runOnlyForDeploymentPostprocessing = 0;
		};
/* End PBXFrameworksBuildPhase section */

/* Begin PBXGroup section */
		20518C1625224F900006F190 = {
			isa = PBXGroup;
			children = (
				20518C2125224F900006F190 /* travana */,
				20518C3825224F910006F190 /* travanaTests */,
				20518C4325224F910006F190 /* travanaUITests */,
				20518C2025224F900006F190 /* Products */,
				E30F6384637D3793C558EF6E /* Pods */,
				6B7EF75A15E2324E5911059B /* Frameworks */,
			);
			sourceTree = "<group>";
		};
		20518C2025224F900006F190 /* Products */ = {
			isa = PBXGroup;
			children = (
				20518C1F25224F900006F190 /* travana.app */,
				20518C3525224F910006F190 /* travanaTests.xctest */,
				20518C4025224F910006F190 /* travanaUITests.xctest */,
			);
			name = Products;
			sourceTree = "<group>";
		};
		20518C2125224F900006F190 /* travana */ = {
			isa = PBXGroup;
			children = (
				20518C5F252253080006F190 /* Resources */,
				20518C5E252252FD0006F190 /* Sources */,
				20518C5C252252E30006F190 /* Config */,
				20518C5B252252CE0006F190 /* Application */,
				20518C2425224F900006F190 /* SceneDelegate.swift */,
				20518C2625224F900006F190 /* ViewController.swift */,
			);
			path = travana;
			sourceTree = "<group>";
		};
		20518C3825224F910006F190 /* travanaTests */ = {
			isa = PBXGroup;
			children = (
				20518C3925224F910006F190 /* travanaTests.swift */,
				20518C3B25224F910006F190 /* Info.plist */,
			);
			path = travanaTests;
			sourceTree = "<group>";
		};
		20518C4325224F910006F190 /* travanaUITests */ = {
			isa = PBXGroup;
			children = (
				20518C4425224F910006F190 /* travanaUITests.swift */,
				20518C4625224F910006F190 /* Info.plist */,
			);
			path = travanaUITests;
			sourceTree = "<group>";
		};
		20518C542522520E0006F190 /* Utils */ = {
			isa = PBXGroup;
			children = (
				20518C55252252160006F190 /* Error */,
				20518C65252256290006F190 /* UIUtils.swift */,
				20518C8E25225AEF0006F190 /* Constants.swift */,
				20518C9025225B040006F190 /* K.swift */,
			);
			path = Utils;
			sourceTree = "<group>";
		};
		20518C55252252160006F190 /* Error */ = {
			isa = PBXGroup;
			children = (
				20518C57252252330006F190 /* HttpError.swift */,
				20518C59252252650006F190 /* RequestError.swift */,
			);
			path = Error;
			sourceTree = "<group>";
		};
		20518C5B252252CE0006F190 /* Application */ = {
			isa = PBXGroup;
			children = (
				20518C2225224F900006F190 /* AppDelegate.swift */,
			);
			path = Application;
			sourceTree = "<group>";
		};
		20518C5C252252E30006F190 /* Config */ = {
			isa = PBXGroup;
			children = (
				20518C3025224F910006F190 /* Info.plist */,
			);
			path = Config;
			sourceTree = "<group>";
		};
		20518C5E252252FD0006F190 /* Sources */ = {
			isa = PBXGroup;
			children = (
				20518C9C2522611A0006F190 /* Database */,
				20518C9B252261140006F190 /* UI */,
				20518C67252256640006F190 /* Extensions */,
				20518C64252253A00006F190 /* Communication */,
				20518C60252253590006F190 /* Logger */,
				20518C542522520E0006F190 /* Utils */,
				20518CA92522687B0006F190 /* TravanaAppDataContainer.swift */,
			);
			path = Sources;
			sourceTree = "<group>";
		};
		20518C5F252253080006F190 /* Resources */ = {
			isa = PBXGroup;
			children = (
				20518C2B25224F910006F190 /* Assets.xcassets */,
				20518C9825225D0F0006F190 /* Localizable.strings */,
			);
			path = Resources;
			sourceTree = "<group>";
		};
		20518C60252253590006F190 /* Logger */ = {
			isa = PBXGroup;
			children = (
				20518C622522537A0006F190 /* Logger.swift */,
			);
			path = Logger;
			sourceTree = "<group>";
		};
		20518C64252253A00006F190 /* Communication */ = {
			isa = PBXGroup;
			children = (
				20518C52252250680006F190 /* HttpClient.swift */,
				20518CA7252267DE0006F190 /* LppApi.swift */,
			);
			path = Communication;
			sourceTree = "<group>";
		};
		20518C67252256640006F190 /* Extensions */ = {
			isa = PBXGroup;
			children = (
				20518C8B25225AC50006F190 /* Table */,
				20518C8825225AA10006F190 /* String */,
				20518C8525225A4F0006F190 /* UIView */,
				20518C8225225A160006F190 /* UIViewController */,
				20518C7F252259A00006F190 /* UILabel */,
				20518C7C252258100006F190 /* UIFont */,
				20518C78252257B20006F190 /* UIAlertController */,
				20518C752522577F0006F190 /* UIColor */,
				20518C72252256E80006F190 /* Localizable */,
				20518C6E252256B90006F190 /* Date */,
				20518C6B252256960006F190 /* Data */,
				20518C6A2522568A0006F190 /* Array */,
			);
			path = Extensions;
			sourceTree = "<group>";
		};
		20518C6A2522568A0006F190 /* Array */ = {
			isa = PBXGroup;
			children = (
				20518C682522567A0006F190 /* Array.swift */,
			);
			path = Array;
			sourceTree = "<group>";
		};
		20518C6B252256960006F190 /* Data */ = {
			isa = PBXGroup;
			children = (
				20518C6C252256AD0006F190 /* Data.swift */,
			);
			path = Data;
			sourceTree = "<group>";
		};
		20518C6E252256B90006F190 /* Date */ = {
			isa = PBXGroup;
			children = (
				20518C70252256D70006F190 /* Date.swift */,
			);
			path = Date;
			sourceTree = "<group>";
		};
		20518C72252256E80006F190 /* Localizable */ = {
			isa = PBXGroup;
			children = (
				20518C732522570E0006F190 /* Localizable.swift */,
			);
			path = Localizable;
			sourceTree = "<group>";
		};
		20518C752522577F0006F190 /* UIColor */ = {
			isa = PBXGroup;
			children = (
				20518C76252257910006F190 /* Colors.swift */,
			);
			path = UIColor;
			sourceTree = "<group>";
		};
		20518C78252257B20006F190 /* UIAlertController */ = {
			isa = PBXGroup;
			children = (
				20518C7A252257CC0006F190 /* UIAlertController.swift */,
			);
			path = UIAlertController;
			sourceTree = "<group>";
		};
		20518C7C252258100006F190 /* UIFont */ = {
			isa = PBXGroup;
			children = (
				20518C7D252258270006F190 /* UIFont.swift */,
			);
			path = UIFont;
			sourceTree = "<group>";
		};
		20518C7F252259A00006F190 /* UILabel */ = {
			isa = PBXGroup;
			children = (
				20518C80252259BD0006F190 /* UILabel.swift */,
			);
			path = UILabel;
			sourceTree = "<group>";
		};
		20518C8225225A160006F190 /* UIViewController */ = {
			isa = PBXGroup;
			children = (
				20518C8325225A2B0006F190 /* UIViewController.swift */,
			);
			path = UIViewController;
			sourceTree = "<group>";
		};
		20518C8525225A4F0006F190 /* UIView */ = {
			isa = PBXGroup;
			children = (
				20518C8625225A5F0006F190 /* UIView.swift */,
			);
			path = UIView;
			sourceTree = "<group>";
		};
		20518C8825225AA10006F190 /* String */ = {
			isa = PBXGroup;
			children = (
				20518C8925225AAB0006F190 /* String.swift */,
			);
			path = String;
			sourceTree = "<group>";
		};
		20518C8B25225AC50006F190 /* Table */ = {
			isa = PBXGroup;
			children = (
				20518C8C25225AD00006F190 /* Table.swift */,
			);
			path = Table;
			sourceTree = "<group>";
		};
		20518C9B252261140006F190 /* UI */ = {
			isa = PBXGroup;
			children = (
				20518CA2252262BB0006F190 /* Loading */,
				20518C9D252261310006F190 /* Main */,
			);
			path = UI;
			sourceTree = "<group>";
		};
		20518C9C2522611A0006F190 /* Database */ = {
			isa = PBXGroup;
			children = (
			);
			path = Database;
			sourceTree = "<group>";
		};
		20518C9D252261310006F190 /* Main */ = {
			isa = PBXGroup;
			children = (
				20518C9E2522616D0006F190 /* MainViewController.swift */,
				20518CA0252261910006F190 /* Main.storyboard */,
			);
			path = Main;
			sourceTree = "<group>";
		};
		20518CA2252262BB0006F190 /* Loading */ = {
			isa = PBXGroup;
			children = (
				20518CA3252262D30006F190 /* LoadingViewController.swift */,
				20518CA5252262DE0006F190 /* Loading.storyboard */,
			);
			path = Loading;
			sourceTree = "<group>";
		};
		6B7EF75A15E2324E5911059B /* Frameworks */ = {
			isa = PBXGroup;
			children = (
				0B26BB0D4F81D14F591FFF10 /* Pods_travana.framework */,
				1525D219EA7372060BBEC796 /* Pods_travana_travanaUITests.framework */,
				72FA4D7AB5F769293E959BA9 /* Pods_travanaTests.framework */,
			);
			name = Frameworks;
			sourceTree = "<group>";
		};
		E30F6384637D3793C558EF6E /* Pods */ = {
			isa = PBXGroup;
			children = (
				CA49DF5DCF8105E0A7AC23FB /* Pods-travana.debug.xcconfig */,
				19F8770D61610EBB6227E30E /* Pods-travana.release.xcconfig */,
				7FC825ACC203083D73492140 /* Pods-travana-travanaUITests.debug.xcconfig */,
				D51D5C0E4D3AD347870EC97E /* Pods-travana-travanaUITests.release.xcconfig */,
				CF3C93121598BB1F382DD225 /* Pods-travanaTests.debug.xcconfig */,
				A43655B521F1C8A468C8B94B /* Pods-travanaTests.release.xcconfig */,
			);
			path = Pods;
			sourceTree = "<group>";
		};
/* End PBXGroup section */

/* Begin PBXNativeTarget section */
		20518C1E25224F900006F190 /* travana */ = {
			isa = PBXNativeTarget;
			buildConfigurationList = 20518C4925224F910006F190 /* Build configuration list for PBXNativeTarget "travana" */;
			buildPhases = (
				878B5A2C38198167216DBC12 /* [CP] Check Pods Manifest.lock */,
				20518C1B25224F900006F190 /* Sources */,
				20518C1C25224F900006F190 /* Frameworks */,
				20518C1D25224F900006F190 /* Resources */,
				8A4214F4DBB3157C6ABEB7F2 /* [CP] Embed Pods Frameworks */,
			);
			buildRules = (
			);
			dependencies = (
			);
			name = travana;
			productName = travana;
			productReference = 20518C1F25224F900006F190 /* travana.app */;
			productType = "com.apple.product-type.application";
		};
		20518C3425224F910006F190 /* travanaTests */ = {
			isa = PBXNativeTarget;
			buildConfigurationList = 20518C4C25224F910006F190 /* Build configuration list for PBXNativeTarget "travanaTests" */;
			buildPhases = (
				D191C3034ECC6D6E3CB64916 /* [CP] Check Pods Manifest.lock */,
				20518C3125224F910006F190 /* Sources */,
				20518C3225224F910006F190 /* Frameworks */,
				20518C3325224F910006F190 /* Resources */,
			);
			buildRules = (
			);
			dependencies = (
				20518C3725224F910006F190 /* PBXTargetDependency */,
			);
			name = travanaTests;
			productName = travanaTests;
			productReference = 20518C3525224F910006F190 /* travanaTests.xctest */;
			productType = "com.apple.product-type.bundle.unit-test";
		};
		20518C3F25224F910006F190 /* travanaUITests */ = {
			isa = PBXNativeTarget;
			buildConfigurationList = 20518C4F25224F910006F190 /* Build configuration list for PBXNativeTarget "travanaUITests" */;
			buildPhases = (
				40C0F3BA84446B998A6939E3 /* [CP] Check Pods Manifest.lock */,
				20518C3C25224F910006F190 /* Sources */,
				20518C3D25224F910006F190 /* Frameworks */,
				20518C3E25224F910006F190 /* Resources */,
				F22ECB1C2A04644AF458E93F /* [CP] Embed Pods Frameworks */,
			);
			buildRules = (
			);
			dependencies = (
				20518C4225224F910006F190 /* PBXTargetDependency */,
			);
			name = travanaUITests;
			productName = travanaUITests;
			productReference = 20518C4025224F910006F190 /* travanaUITests.xctest */;
			productType = "com.apple.product-type.bundle.ui-testing";
		};
/* End PBXNativeTarget section */

/* Begin PBXProject section */
		20518C1725224F900006F190 /* Project object */ = {
			isa = PBXProject;
			attributes = {
				LastSwiftUpdateCheck = 1140;
				LastUpgradeCheck = 1140;
				ORGANIZATIONNAME = "Domen Kralj";
				TargetAttributes = {
					20518C1E25224F900006F190 = {
						CreatedOnToolsVersion = 11.4;
					};
					20518C3425224F910006F190 = {
						CreatedOnToolsVersion = 11.4;
						TestTargetID = 20518C1E25224F900006F190;
					};
					20518C3F25224F910006F190 = {
						CreatedOnToolsVersion = 11.4;
						TestTargetID = 20518C1E25224F900006F190;
					};
				};
			};
			buildConfigurationList = 20518C1A25224F900006F190 /* Build configuration list for PBXProject "travana" */;
			compatibilityVersion = "Xcode 9.3";
			developmentRegion = en;
			hasScannedForEncodings = 0;
			knownRegions = (
				en,
				Base,
				sl,
			);
			mainGroup = 20518C1625224F900006F190;
			productRefGroup = 20518C2025224F900006F190 /* Products */;
			projectDirPath = "";
			projectRoot = "";
			targets = (
				20518C1E25224F900006F190 /* travana */,
				20518C3425224F910006F190 /* travanaTests */,
				20518C3F25224F910006F190 /* travanaUITests */,
			);
		};
/* End PBXProject section */

/* Begin PBXResourcesBuildPhase section */
		20518C1D25224F900006F190 /* Resources */ = {
			isa = PBXResourcesBuildPhase;
			buildActionMask = 2147483647;
			files = (
				20518CA1252261910006F190 /* Main.storyboard in Resources */,
				20518C9625225D0F0006F190 /* Localizable.strings in Resources */,
				20518CA6252262DE0006F190 /* Loading.storyboard in Resources */,
				20518C2C25224F910006F190 /* Assets.xcassets in Resources */,
			);
			runOnlyForDeploymentPostprocessing = 0;
		};
		20518C3325224F910006F190 /* Resources */ = {
			isa = PBXResourcesBuildPhase;
			buildActionMask = 2147483647;
			files = (
			);
			runOnlyForDeploymentPostprocessing = 0;
		};
		20518C3E25224F910006F190 /* Resources */ = {
			isa = PBXResourcesBuildPhase;
			buildActionMask = 2147483647;
			files = (
			);
			runOnlyForDeploymentPostprocessing = 0;
		};
/* End PBXResourcesBuildPhase section */

/* Begin PBXShellScriptBuildPhase section */
		40C0F3BA84446B998A6939E3 /* [CP] Check Pods Manifest.lock */ = {
			isa = PBXShellScriptBuildPhase;
			buildActionMask = 2147483647;
			files = (
			);
			inputFileListPaths = (
			);
			inputPaths = (
				"${PODS_PODFILE_DIR_PATH}/Podfile.lock",
				"${PODS_ROOT}/Manifest.lock",
			);
			name = "[CP] Check Pods Manifest.lock";
			outputFileListPaths = (
			);
			outputPaths = (
				"$(DERIVED_FILE_DIR)/Pods-travana-travanaUITests-checkManifestLockResult.txt",
			);
			runOnlyForDeploymentPostprocessing = 0;
			shellPath = /bin/sh;
			shellScript = "diff \"${PODS_PODFILE_DIR_PATH}/Podfile.lock\" \"${PODS_ROOT}/Manifest.lock\" > /dev/null\nif [ $? != 0 ] ; then\n    # print error to STDERR\n    echo \"error: The sandbox is not in sync with the Podfile.lock. Run 'pod install' or update your CocoaPods installation.\" >&2\n    exit 1\nfi\n# This output is used by Xcode 'outputs' to avoid re-running this script phase.\necho \"SUCCESS\" > \"${SCRIPT_OUTPUT_FILE_0}\"\n";
			showEnvVarsInLog = 0;
		};
		878B5A2C38198167216DBC12 /* [CP] Check Pods Manifest.lock */ = {
			isa = PBXShellScriptBuildPhase;
			buildActionMask = 2147483647;
			files = (
			);
			inputFileListPaths = (
			);
			inputPaths = (
				"${PODS_PODFILE_DIR_PATH}/Podfile.lock",
				"${PODS_ROOT}/Manifest.lock",
			);
			name = "[CP] Check Pods Manifest.lock";
			outputFileListPaths = (
			);
			outputPaths = (
				"$(DERIVED_FILE_DIR)/Pods-travana-checkManifestLockResult.txt",
			);
			runOnlyForDeploymentPostprocessing = 0;
			shellPath = /bin/sh;
			shellScript = "diff \"${PODS_PODFILE_DIR_PATH}/Podfile.lock\" \"${PODS_ROOT}/Manifest.lock\" > /dev/null\nif [ $? != 0 ] ; then\n    # print error to STDERR\n    echo \"error: The sandbox is not in sync with the Podfile.lock. Run 'pod install' or update your CocoaPods installation.\" >&2\n    exit 1\nfi\n# This output is used by Xcode 'outputs' to avoid re-running this script phase.\necho \"SUCCESS\" > \"${SCRIPT_OUTPUT_FILE_0}\"\n";
			showEnvVarsInLog = 0;
		};
		8A4214F4DBB3157C6ABEB7F2 /* [CP] Embed Pods Frameworks */ = {
			isa = PBXShellScriptBuildPhase;
			buildActionMask = 2147483647;
			files = (
			);
			inputFileListPaths = (
				"${PODS_ROOT}/Target Support Files/Pods-travana/Pods-travana-frameworks-${CONFIGURATION}-input-files.xcfilelist",
			);
			name = "[CP] Embed Pods Frameworks";
			outputFileListPaths = (
				"${PODS_ROOT}/Target Support Files/Pods-travana/Pods-travana-frameworks-${CONFIGURATION}-output-files.xcfilelist",
			);
			runOnlyForDeploymentPostprocessing = 0;
			shellPath = /bin/sh;
			shellScript = "\"${PODS_ROOT}/Target Support Files/Pods-travana/Pods-travana-frameworks.sh\"\n";
			showEnvVarsInLog = 0;
		};
		D191C3034ECC6D6E3CB64916 /* [CP] Check Pods Manifest.lock */ = {
			isa = PBXShellScriptBuildPhase;
			buildActionMask = 2147483647;
			files = (
			);
			inputFileListPaths = (
			);
			inputPaths = (
				"${PODS_PODFILE_DIR_PATH}/Podfile.lock",
				"${PODS_ROOT}/Manifest.lock",
			);
			name = "[CP] Check Pods Manifest.lock";
			outputFileListPaths = (
			);
			outputPaths = (
				"$(DERIVED_FILE_DIR)/Pods-travanaTests-checkManifestLockResult.txt",
			);
			runOnlyForDeploymentPostprocessing = 0;
			shellPath = /bin/sh;
			shellScript = "diff \"${PODS_PODFILE_DIR_PATH}/Podfile.lock\" \"${PODS_ROOT}/Manifest.lock\" > /dev/null\nif [ $? != 0 ] ; then\n    # print error to STDERR\n    echo \"error: The sandbox is not in sync with the Podfile.lock. Run 'pod install' or update your CocoaPods installation.\" >&2\n    exit 1\nfi\n# This output is used by Xcode 'outputs' to avoid re-running this script phase.\necho \"SUCCESS\" > \"${SCRIPT_OUTPUT_FILE_0}\"\n";
			showEnvVarsInLog = 0;
		};
		F22ECB1C2A04644AF458E93F /* [CP] Embed Pods Frameworks */ = {
			isa = PBXShellScriptBuildPhase;
			buildActionMask = 2147483647;
			files = (
			);
			inputFileListPaths = (
				"${PODS_ROOT}/Target Support Files/Pods-travana-travanaUITests/Pods-travana-travanaUITests-frameworks-${CONFIGURATION}-input-files.xcfilelist",
			);
			name = "[CP] Embed Pods Frameworks";
			outputFileListPaths = (
				"${PODS_ROOT}/Target Support Files/Pods-travana-travanaUITests/Pods-travana-travanaUITests-frameworks-${CONFIGURATION}-output-files.xcfilelist",
			);
			runOnlyForDeploymentPostprocessing = 0;
			shellPath = /bin/sh;
			shellScript = "\"${PODS_ROOT}/Target Support Files/Pods-travana-travanaUITests/Pods-travana-travanaUITests-frameworks.sh\"\n";
			showEnvVarsInLog = 0;
		};
/* End PBXShellScriptBuildPhase section */

/* Begin PBXSourcesBuildPhase section */
		20518C1B25224F900006F190 /* Sources */ = {
			isa = PBXSourcesBuildPhase;
			buildActionMask = 2147483647;
			files = (
				20518C8A25225AAB0006F190 /* String.swift in Sources */,
				20518CAA2522687B0006F190 /* TravanaAppDataContainer.swift in Sources */,
				20518C9F2522616D0006F190 /* MainViewController.swift in Sources */,
				20518C692522567A0006F190 /* Array.swift in Sources */,
				20518C6D252256AD0006F190 /* Data.swift in Sources */,
				20518C2725224F900006F190 /* ViewController.swift in Sources */,
				20518C2325224F900006F190 /* AppDelegate.swift in Sources */,
				20518CA8252267DE0006F190 /* LppApi.swift in Sources */,
				20518C5A252252650006F190 /* RequestError.swift in Sources */,
				20518C8D25225AD00006F190 /* Table.swift in Sources */,
				20518C58252252330006F190 /* HttpError.swift in Sources */,
				20518C81252259BD0006F190 /* UILabel.swift in Sources */,
				20518C632522537A0006F190 /* Logger.swift in Sources */,
				20518CA4252262D30006F190 /* LoadingViewController.swift in Sources */,
				20518C8425225A2B0006F190 /* UIViewController.swift in Sources */,
				20518C8F25225AEF0006F190 /* Constants.swift in Sources */,
				20518C53252250680006F190 /* HttpClient.swift in Sources */,
				20518C7E252258270006F190 /* UIFont.swift in Sources */,
				20518C77252257910006F190 /* Colors.swift in Sources */,
				20518C71252256D70006F190 /* Date.swift in Sources */,
				20518C7B252257CC0006F190 /* UIAlertController.swift in Sources */,
				20518C9125225B040006F190 /* K.swift in Sources */,
				20518C2525224F900006F190 /* SceneDelegate.swift in Sources */,
				20518C742522570E0006F190 /* Localizable.swift in Sources */,
				20518C8725225A5F0006F190 /* UIView.swift in Sources */,
				20518C66252256290006F190 /* UIUtils.swift in Sources */,
			);
			runOnlyForDeploymentPostprocessing = 0;
		};
		20518C3125224F910006F190 /* Sources */ = {
			isa = PBXSourcesBuildPhase;
			buildActionMask = 2147483647;
			files = (
				20518C3A25224F910006F190 /* travanaTests.swift in Sources */,
			);
			runOnlyForDeploymentPostprocessing = 0;
		};
		20518C3C25224F910006F190 /* Sources */ = {
			isa = PBXSourcesBuildPhase;
			buildActionMask = 2147483647;
			files = (
				20518C4525224F910006F190 /* travanaUITests.swift in Sources */,
			);
			runOnlyForDeploymentPostprocessing = 0;
		};
/* End PBXSourcesBuildPhase section */

/* Begin PBXTargetDependency section */
		20518C3725224F910006F190 /* PBXTargetDependency */ = {
			isa = PBXTargetDependency;
			target = 20518C1E25224F900006F190 /* travana */;
			targetProxy = 20518C3625224F910006F190 /* PBXContainerItemProxy */;
		};
		20518C4225224F910006F190 /* PBXTargetDependency */ = {
			isa = PBXTargetDependency;
			target = 20518C1E25224F900006F190 /* travana */;
			targetProxy = 20518C4125224F910006F190 /* PBXContainerItemProxy */;
		};
/* End PBXTargetDependency section */

/* Begin PBXVariantGroup section */
		20518C9825225D0F0006F190 /* Localizable.strings */ = {
			isa = PBXVariantGroup;
			children = (
				20518C9725225D0F0006F190 /* en */,
				20518C9925225D2A0006F190 /* sl */,
			);
			name = Localizable.strings;
			sourceTree = "<group>";
		};
/* End PBXVariantGroup section */

/* Begin XCBuildConfiguration section */
		20518C4725224F910006F190 /* Debug */ = {
			isa = XCBuildConfiguration;
			buildSettings = {
				ALWAYS_SEARCH_USER_PATHS = NO;
				CLANG_ANALYZER_LOCALIZABILITY_NONLOCALIZED = YES;
				CLANG_ANALYZER_NONNULL = YES;
				CLANG_ANALYZER_NUMBER_OBJECT_CONVERSION = YES_AGGRESSIVE;
				CLANG_CXX_LANGUAGE_STANDARD = "gnu++14";
				CLANG_CXX_LIBRARY = "libc++";
				CLANG_ENABLE_MODULES = YES;
				CLANG_ENABLE_OBJC_ARC = YES;
				CLANG_ENABLE_OBJC_WEAK = YES;
				CLANG_WARN_BLOCK_CAPTURE_AUTORELEASING = YES;
				CLANG_WARN_BOOL_CONVERSION = YES;
				CLANG_WARN_COMMA = YES;
				CLANG_WARN_CONSTANT_CONVERSION = YES;
				CLANG_WARN_DEPRECATED_OBJC_IMPLEMENTATIONS = YES;
				CLANG_WARN_DIRECT_OBJC_ISA_USAGE = YES_ERROR;
				CLANG_WARN_DOCUMENTATION_COMMENTS = YES;
				CLANG_WARN_EMPTY_BODY = YES;
				CLANG_WARN_ENUM_CONVERSION = YES;
				CLANG_WARN_INFINITE_RECURSION = YES;
				CLANG_WARN_INT_CONVERSION = YES;
				CLANG_WARN_NON_LITERAL_NULL_CONVERSION = YES;
				CLANG_WARN_OBJC_IMPLICIT_RETAIN_SELF = YES;
				CLANG_WARN_OBJC_LITERAL_CONVERSION = YES;
				CLANG_WARN_OBJC_ROOT_CLASS = YES_ERROR;
				CLANG_WARN_RANGE_LOOP_ANALYSIS = YES;
				CLANG_WARN_STRICT_PROTOTYPES = YES;
				CLANG_WARN_SUSPICIOUS_MOVE = YES;
				CLANG_WARN_UNGUARDED_AVAILABILITY = YES_AGGRESSIVE;
				CLANG_WARN_UNREACHABLE_CODE = YES;
				CLANG_WARN__DUPLICATE_METHOD_MATCH = YES;
				COPY_PHASE_STRIP = NO;
				DEBUG_INFORMATION_FORMAT = dwarf;
				ENABLE_STRICT_OBJC_MSGSEND = YES;
				ENABLE_TESTABILITY = YES;
				GCC_C_LANGUAGE_STANDARD = gnu11;
				GCC_DYNAMIC_NO_PIC = NO;
				GCC_NO_COMMON_BLOCKS = YES;
				GCC_OPTIMIZATION_LEVEL = 0;
				GCC_PREPROCESSOR_DEFINITIONS = (
					"DEBUG=1",
					"$(inherited)",
				);
				GCC_WARN_64_TO_32_BIT_CONVERSION = YES;
				GCC_WARN_ABOUT_RETURN_TYPE = YES_ERROR;
				GCC_WARN_UNDECLARED_SELECTOR = YES;
				GCC_WARN_UNINITIALIZED_AUTOS = YES_AGGRESSIVE;
				GCC_WARN_UNUSED_FUNCTION = YES;
				GCC_WARN_UNUSED_VARIABLE = YES;
				IPHONEOS_DEPLOYMENT_TARGET = 13.4;
				MTL_ENABLE_DEBUG_INFO = INCLUDE_SOURCE;
				MTL_FAST_MATH = YES;
				ONLY_ACTIVE_ARCH = YES;
				SDKROOT = iphoneos;
				SWIFT_ACTIVE_COMPILATION_CONDITIONS = DEBUG;
				SWIFT_OPTIMIZATION_LEVEL = "-Onone";
			};
			name = Debug;
		};
		20518C4825224F910006F190 /* Release */ = {
			isa = XCBuildConfiguration;
			buildSettings = {
				ALWAYS_SEARCH_USER_PATHS = NO;
				CLANG_ANALYZER_LOCALIZABILITY_NONLOCALIZED = YES;
				CLANG_ANALYZER_NONNULL = YES;
				CLANG_ANALYZER_NUMBER_OBJECT_CONVERSION = YES_AGGRESSIVE;
				CLANG_CXX_LANGUAGE_STANDARD = "gnu++14";
				CLANG_CXX_LIBRARY = "libc++";
				CLANG_ENABLE_MODULES = YES;
				CLANG_ENABLE_OBJC_ARC = YES;
				CLANG_ENABLE_OBJC_WEAK = YES;
				CLANG_WARN_BLOCK_CAPTURE_AUTORELEASING = YES;
				CLANG_WARN_BOOL_CONVERSION = YES;
				CLANG_WARN_COMMA = YES;
				CLANG_WARN_CONSTANT_CONVERSION = YES;
				CLANG_WARN_DEPRECATED_OBJC_IMPLEMENTATIONS = YES;
				CLANG_WARN_DIRECT_OBJC_ISA_USAGE = YES_ERROR;
				CLANG_WARN_DOCUMENTATION_COMMENTS = YES;
				CLANG_WARN_EMPTY_BODY = YES;
				CLANG_WARN_ENUM_CONVERSION = YES;
				CLANG_WARN_INFINITE_RECURSION = YES;
				CLANG_WARN_INT_CONVERSION = YES;
				CLANG_WARN_NON_LITERAL_NULL_CONVERSION = YES;
				CLANG_WARN_OBJC_IMPLICIT_RETAIN_SELF = YES;
				CLANG_WARN_OBJC_LITERAL_CONVERSION = YES;
				CLANG_WARN_OBJC_ROOT_CLASS = YES_ERROR;
				CLANG_WARN_RANGE_LOOP_ANALYSIS = YES;
				CLANG_WARN_STRICT_PROTOTYPES = YES;
				CLANG_WARN_SUSPICIOUS_MOVE = YES;
				CLANG_WARN_UNGUARDED_AVAILABILITY = YES_AGGRESSIVE;
				CLANG_WARN_UNREACHABLE_CODE = YES;
				CLANG_WARN__DUPLICATE_METHOD_MATCH = YES;
				COPY_PHASE_STRIP = NO;
				DEBUG_INFORMATION_FORMAT = "dwarf-with-dsym";
				ENABLE_NS_ASSERTIONS = NO;
				ENABLE_STRICT_OBJC_MSGSEND = YES;
				GCC_C_LANGUAGE_STANDARD = gnu11;
				GCC_NO_COMMON_BLOCKS = YES;
				GCC_WARN_64_TO_32_BIT_CONVERSION = YES;
				GCC_WARN_ABOUT_RETURN_TYPE = YES_ERROR;
				GCC_WARN_UNDECLARED_SELECTOR = YES;
				GCC_WARN_UNINITIALIZED_AUTOS = YES_AGGRESSIVE;
				GCC_WARN_UNUSED_FUNCTION = YES;
				GCC_WARN_UNUSED_VARIABLE = YES;
				IPHONEOS_DEPLOYMENT_TARGET = 13.4;
				MTL_ENABLE_DEBUG_INFO = NO;
				MTL_FAST_MATH = YES;
				SDKROOT = iphoneos;
				SWIFT_COMPILATION_MODE = wholemodule;
				SWIFT_OPTIMIZATION_LEVEL = "-O";
				VALIDATE_PRODUCT = YES;
			};
			name = Release;
		};
		20518C4A25224F910006F190 /* Debug */ = {
			isa = XCBuildConfiguration;
			baseConfigurationReference = CA49DF5DCF8105E0A7AC23FB /* Pods-travana.debug.xcconfig */;
			buildSettings = {
				ASSETCATALOG_COMPILER_APPICON_NAME = AppIcon;
				CODE_SIGN_STYLE = Automatic;
				INFOPLIST_FILE = travana/config/Info.plist;
				LD_RUNPATH_SEARCH_PATHS = (
					"$(inherited)",
					"@executable_path/Frameworks",
				);
				PRODUCT_BUNDLE_IDENTIFIER = com.vegasolutions.travana;
				PRODUCT_NAME = "$(TARGET_NAME)";
				SWIFT_VERSION = 5.0;
				TARGETED_DEVICE_FAMILY = "1,2";
			};
			name = Debug;
		};
		20518C4B25224F910006F190 /* Release */ = {
			isa = XCBuildConfiguration;
			baseConfigurationReference = 19F8770D61610EBB6227E30E /* Pods-travana.release.xcconfig */;
			buildSettings = {
				ASSETCATALOG_COMPILER_APPICON_NAME = AppIcon;
				CODE_SIGN_STYLE = Automatic;
				INFOPLIST_FILE = travana/config/Info.plist;
				LD_RUNPATH_SEARCH_PATHS = (
					"$(inherited)",
					"@executable_path/Frameworks",
				);
				PRODUCT_BUNDLE_IDENTIFIER = com.vegasolutions.travana;
				PRODUCT_NAME = "$(TARGET_NAME)";
				SWIFT_VERSION = 5.0;
				TARGETED_DEVICE_FAMILY = "1,2";
			};
			name = Release;
		};
		20518C4D25224F910006F190 /* Debug */ = {
			isa = XCBuildConfiguration;
			baseConfigurationReference = CF3C93121598BB1F382DD225 /* Pods-travanaTests.debug.xcconfig */;
			buildSettings = {
				ALWAYS_EMBED_SWIFT_STANDARD_LIBRARIES = YES;
				BUNDLE_LOADER = "$(TEST_HOST)";
				CODE_SIGN_STYLE = Automatic;
				INFOPLIST_FILE = travanaTests/Info.plist;
				IPHONEOS_DEPLOYMENT_TARGET = 13.4;
				LD_RUNPATH_SEARCH_PATHS = (
					"$(inherited)",
					"@executable_path/Frameworks",
					"@loader_path/Frameworks",
				);
				PRODUCT_BUNDLE_IDENTIFIER = com.vegasolutions.travanaTests;
				PRODUCT_NAME = "$(TARGET_NAME)";
				SWIFT_VERSION = 5.0;
				TARGETED_DEVICE_FAMILY = "1,2";
				TEST_HOST = "$(BUILT_PRODUCTS_DIR)/travana.app/travana";
			};
			name = Debug;
		};
		20518C4E25224F910006F190 /* Release */ = {
			isa = XCBuildConfiguration;
			baseConfigurationReference = A43655B521F1C8A468C8B94B /* Pods-travanaTests.release.xcconfig */;
			buildSettings = {
				ALWAYS_EMBED_SWIFT_STANDARD_LIBRARIES = YES;
				BUNDLE_LOADER = "$(TEST_HOST)";
				CODE_SIGN_STYLE = Automatic;
				INFOPLIST_FILE = travanaTests/Info.plist;
				IPHONEOS_DEPLOYMENT_TARGET = 13.4;
				LD_RUNPATH_SEARCH_PATHS = (
					"$(inherited)",
					"@executable_path/Frameworks",
					"@loader_path/Frameworks",
				);
				PRODUCT_BUNDLE_IDENTIFIER = com.vegasolutions.travanaTests;
				PRODUCT_NAME = "$(TARGET_NAME)";
				SWIFT_VERSION = 5.0;
				TARGETED_DEVICE_FAMILY = "1,2";
				TEST_HOST = "$(BUILT_PRODUCTS_DIR)/travana.app/travana";
			};
			name = Release;
		};
		20518C5025224F910006F190 /* Debug */ = {
			isa = XCBuildConfiguration;
			baseConfigurationReference = 7FC825ACC203083D73492140 /* Pods-travana-travanaUITests.debug.xcconfig */;
			buildSettings = {
				ALWAYS_EMBED_SWIFT_STANDARD_LIBRARIES = YES;
				CODE_SIGN_STYLE = Automatic;
				INFOPLIST_FILE = travanaUITests/Info.plist;
				LD_RUNPATH_SEARCH_PATHS = (
					"$(inherited)",
					"@executable_path/Frameworks",
					"@loader_path/Frameworks",
				);
				PRODUCT_BUNDLE_IDENTIFIER = com.vegasolutions.travanaUITests;
				PRODUCT_NAME = "$(TARGET_NAME)";
				SWIFT_VERSION = 5.0;
				TARGETED_DEVICE_FAMILY = "1,2";
				TEST_TARGET_NAME = travana;
			};
			name = Debug;
		};
		20518C5125224F910006F190 /* Release */ = {
			isa = XCBuildConfiguration;
			baseConfigurationReference = D51D5C0E4D3AD347870EC97E /* Pods-travana-travanaUITests.release.xcconfig */;
			buildSettings = {
				ALWAYS_EMBED_SWIFT_STANDARD_LIBRARIES = YES;
				CODE_SIGN_STYLE = Automatic;
				INFOPLIST_FILE = travanaUITests/Info.plist;
				LD_RUNPATH_SEARCH_PATHS = (
					"$(inherited)",
					"@executable_path/Frameworks",
					"@loader_path/Frameworks",
				);
				PRODUCT_BUNDLE_IDENTIFIER = com.vegasolutions.travanaUITests;
				PRODUCT_NAME = "$(TARGET_NAME)";
				SWIFT_VERSION = 5.0;
				TARGETED_DEVICE_FAMILY = "1,2";
				TEST_TARGET_NAME = travana;
			};
			name = Release;
		};
/* End XCBuildConfiguration section */

/* Begin XCConfigurationList section */
		20518C1A25224F900006F190 /* Build configuration list for PBXProject "travana" */ = {
			isa = XCConfigurationList;
			buildConfigurations = (
				20518C4725224F910006F190 /* Debug */,
				20518C4825224F910006F190 /* Release */,
			);
			defaultConfigurationIsVisible = 0;
			defaultConfigurationName = Release;
		};
		20518C4925224F910006F190 /* Build configuration list for PBXNativeTarget "travana" */ = {
			isa = XCConfigurationList;
			buildConfigurations = (
				20518C4A25224F910006F190 /* Debug */,
				20518C4B25224F910006F190 /* Release */,
			);
			defaultConfigurationIsVisible = 0;
			defaultConfigurationName = Release;
		};
		20518C4C25224F910006F190 /* Build configuration list for PBXNativeTarget "travanaTests" */ = {
			isa = XCConfigurationList;
			buildConfigurations = (
				20518C4D25224F910006F190 /* Debug */,
				20518C4E25224F910006F190 /* Release */,
			);
			defaultConfigurationIsVisible = 0;
			defaultConfigurationName = Release;
		};
		20518C4F25224F910006F190 /* Build configuration list for PBXNativeTarget "travanaUITests" */ = {
			isa = XCConfigurationList;
			buildConfigurations = (
				20518C5025224F910006F190 /* Debug */,
				20518C5125224F910006F190 /* Release */,
			);
			defaultConfigurationIsVisible = 0;
			defaultConfigurationName = Release;
		};
/* End XCConfigurationList section */
	};
	rootObject = 20518C1725224F900006F190 /* Project object */;
}
